{
  "name": "mocap-research-previz-solver",
  "lockfileVersion": 3,
  "requires": true,
  "packages": {
    "": {
      "name": "mocap-research-previz-solver",
      "dependencies": {
        "closed-chain-ik": "github:gkjohnson/closed-chain-ik-js",
        "gl-matrix": "^3.4.4"
      }
    },
    "node_modules/closed-chain-ik": {
      "version": "0.0.6",
      "resolved": "git+ssh://git@github.com/gkjohnson/closed-chain-ik-js.git#464eb63eadfe8ece8fdff3e8f4153ca851323d22",
      "license": "Apache-2.0",
      "dependencies": {
        "gl-matrix": "^3.3.0",
        "linear-solve": "^1.2.1",
        "svd-js": "^1.1.1"
      },
      "peerDependencies": {
        "three": ">=0.159.0",
        "urdf-loader": ">=0.9.2"
      }
    },
    "node_modules/gl-matrix": {
      "version": "3.4.4",
      "resolved": "https://registry.npmjs.org/gl-matrix/-/gl-matrix-3.4.4.tgz",
      "integrity": "sha512-latSnyDNt/8zYUB6VIJ6PCh2jBjJX6gnDsoCZ7LyW7GkqrD51EWwa9qCoGixj8YqBtETQK/xY7OmpTF8xz1DdQ==",
      "license": "MIT"
    },
    "node_modules/linear-solve": {
      "version": "1.2.1",
      "resolved": "https://registry.npmjs.org/linear-solve/-/linear-solve-1.2.1.tgz",
      "integrity": "sha512-YysEUwkRRtxvjJto9kArBJdH/NCnakI8YOrSDD8yK1EV3+t8UjNzqdCQSU+FaNtYLTCBdlI7fwV6Fbn1EEyLew==",
      "license": "MIT"
    },
    "node_modules/svd-js": {
      "version": "1.1.1",
      "resolved": "https://registry.npmjs.org/svd-js/-/svd-js-1.1.1.tgz",
      "integrity": "sha512-3Mpd08lu7HPD/aDMnHvhLBKHLdoUv+w9411ZLGjZYIR51e05CFNAY+MYMXLs7leo6jljZ8PGkoCSI1I4lF1Z4Q==",
      "license": "MIT"
    },
    "node_modules/three": {
      "version": "0.183.2",
      "resolved": "https://registry.npmjs.org/three/-/three-0.183.2.tgz",
      "integrity": "sha512-di3BsL2FEQ1PA7Hcvn4fyJOlxRRgFYBpMTcyOgkwJIaDOdJMebEFPA+t98EvjuljDx4hNulAGwF6KIjtwI5jgQ==",
      "license": "MIT",
      "peer": true
    },
    "node_modules/urdf-loader": {
      "version": "0.12.7",
      "resolved": "https://registry.npmjs.org/urdf-loader/-/urdf-loader-0.12.7.tgz",
      "integrity": "sha512-9RQDhWt4x9K6R3uHjv68NLwX+JDm3A2XjhksrMgq6xl9NJcwqV21+htHU0cbG619hnqH1d4mUMFuqHo22R8DMA==",
      "license": "Apache-2.0",
      "peer": true,
      "peerDependencies": {
        "three": ">=0.152.0"
      }
    }
  }
}
